{
  "name": "eatery",
  "requires": true,
  "lockfileVersion": 1,
  "dependencies": {
    "froala-editor": {
      "version": "4.0.5",
      "resolved": "https://registry.npmjs.org/froala-editor/-/froala-editor-4.0.5.tgz",
      "integrity": "sha512-7udNxU9BysuCzory+dw8GjJDpvgUO39HsU6NN2pCotuOCbW+bm87rua+xBQNjZXe3J1avRqrYuNtmgiG7TDyEw=="
    }
  }
}
